
Microsoft Visual Studio Solution File, Format Version 12.00
# Visual Studio Version 17
VisualStudioVersion = 17.0.32014.148
MinimumVisualStudioVersion = 10.0.40219.1
Project("{FAE04EC0-301F-11D3-BF4B-00C04F79EFBC}") = "CurrencyConverter", "CurrencyConverter\CurrencyConverter.csproj", "{9B95389B-65CA-4CA9-936D-20A7FA7D4DCC}"
EndProject
Global
	GlobalSection(SolutionConfigurationPlatforms) = preSolution
		Debug|Any CPU = Debug|Any CPU
		Release|Any CPU = Release|Any CPU
	EndGlobalSection
	GlobalSection(ProjectConfigurationPlatforms) = postSolution
		{9B95389B-65CA-4CA9-936D-20A7FA7D4DCC}.Debug|Any CPU.ActiveCfg = Debug|Any CPU
		{9B95389B-65CA-4CA9-936D-20A7FA7D4DCC}.Debug|Any CPU.Build.0 = Debug|Any CPU
		{9B95389B-65CA-4CA9-936D-20A7FA7D4DCC}.Release|Any CPU.ActiveCfg = Release|Any CPU
		{9B95389B-65CA-4CA9-936D-20A7FA7D4DCC}.Release|Any CPU.Build.0 = Release|Any CPU
	EndGlobalSection
	GlobalSection(SolutionProperties) = preSolution
		HideSolutionNode = FALSE
	EndGlobalSection
	GlobalSection(ExtensibilityGlobals) = postSolution
		SolutionGuid = {C8C31AEB-B6A4-4851-8073-8B0783E47142}
	EndGlobalSection
EndGlobal
